// !$*UTF8*$!
{
	archiveVersion = 1;
	classes = {
	};
	objectVersion = 46;
	objects = {

/* Begin PBXBuildFile section */
		12AA02A37BA385C6AE626CC5 /* AdaptiveDifficultyEngineTests.swift in Sources */ = {isa = PBXBuildFile; fileRef = 3800BE90FB020D9479FAD189 /* AdaptiveDifficultyEngineTests.swift */; };
		17A18A7607668A4DB02E3337 /* DashboardViewModel.swift in Sources */ = {isa = PBXBuildFile; fileRef = 173A48A1797A5B6D7C2293CE /* DashboardViewModel.swift */; };
		1CAECE2BAC4997AFE6179240 /* UserProgress.swift in Sources */ = {isa = PBXBuildFile; fileRef = 9D57004B4F959309E85138A8 /* UserProgress.swift */; };
		2AF0B8392C5196402E870468 /* PredictionStepView.swift in Sources */ = {isa = PBXBuildFile; fileRef = 7EAFAA9AC3A16292507A1729 /* PredictionStepView.swift */; };
		3F58FAC6591DD9658EE3505A /* PuzzleGenerator.swift in Sources */ = {isa = PBXBuildFile; fileRef = 68590D8FFA3A752C23C596BC /* PuzzleGenerator.swift */; };
		434A34F02D68B6659BF20DF0 /* AdaptiveDifficultyEngine.swift in Sources */ = {isa = PBXBuildFile; fileRef = 3D8410749848680B03D490A7 /* AdaptiveDifficultyEngine.swift */; };
		4897331F6AFEC7A97AC08B46 /* NormalizedPoint.swift in Sources */ = {isa = PBXBuildFile; fileRef = 74D6E6A6A45F6402B9AF35F8 /* NormalizedPoint.swift */; };
		53AFDF52FEA63E74FB1220B9 /* PhaseProgressionManager.swift in Sources */ = {isa = PBXBuildFile; fileRef = 822ECB20686CE0992DC742A3 /* PhaseProgressionManager.swift */; };
		659994DAA24F990EF9081CB1 /* PuzzleGeneratorTests.swift in Sources */ = {isa = PBXBuildFile; fileRef = 5E618212FF2E99F74640C7B1 /* PuzzleGeneratorTests.swift */; };
		679C69D47F554C97B766423A /* MainTabView.swift in Sources */ = {isa = PBXBuildFile; fileRef = 725152EEC7C77C23457CCC37 /* MainTabView.swift */; };
		726FE31E3BDEF033A5A7612E /* CognitiveModelEngineTests.swift in Sources */ = {isa = PBXBuildFile; fileRef = 0EACE3960734DCB135FF7A7E /* CognitiveModelEngineTests.swift */; };
		743517F1D37753A72D7ABBF8 /* RootView.swift in Sources */ = {isa = PBXBuildFile; fileRef = F1156E7EF8DD03400C80CA57 /* RootView.swift */; };
		79AFABCDF158E15AE901A25A /* MultipleChoiceView.swift in Sources */ = {isa = PBXBuildFile; fileRef = 7278BF15D2E02A2B90DDE228 /* MultipleChoiceView.swift */; };
		7B51FE65895B6445A15A23B3 /* AppEnvironment.swift in Sources */ = {isa = PBXBuildFile; fileRef = EE343BDFB8DE1827D8C622F2 /* AppEnvironment.swift */; };
		7F0868CCA1B63ACC85FEC023 /* DraggablePieceView.swift in Sources */ = {isa = PBXBuildFile; fileRef = 086DDA54BB94E1431FD0E1EF /* DraggablePieceView.swift */; };
		80CF9C91344B0CE9C7A8AECE /* ShapePathView.swift in Sources */ = {isa = PBXBuildFile; fileRef = 1E8D4863D6930CF337212F34 /* ShapePathView.swift */; };
		886FDD30AF94FFC0EC4BC69E /* PuzzleFeedbackView.swift in Sources */ = {isa = PBXBuildFile; fileRef = DCFC355BDCD028D6D073F67C /* PuzzleFeedbackView.swift */; };
		8E3C3EDF23099F8494B0A75C /* PhaseTransitionView.swift in Sources */ = {isa = PBXBuildFile; fileRef = BBCE4216AEE4337C819C5C43 /* PhaseTransitionView.swift */; };
		960D02C215C577C1201262EA /* CognitiveModelEngine.swift in Sources */ = {isa = PBXBuildFile; fileRef = 9704EC474156D1ACD75E915D /* CognitiveModelEngine.swift */; };
		9C338C339302B22BFD88DC17 /* AssemblyCanvasView.swift in Sources */ = {isa = PBXBuildFile; fileRef = 257B070486D99192630F61CE /* AssemblyCanvasView.swift */; };
		9DC51450F18B1F1092367695 /* ShapeLibrary.swift in Sources */ = {isa = PBXBuildFile; fileRef = 1CE7D6D6D86D23F20B035503 /* ShapeLibrary.swift */; };
		A246E4E7C3D2C2B1C0BF2E56 /* TrainingContainerView.swift in Sources */ = {isa = PBXBuildFile; fileRef = F99C480692087FC38FE0A2DF /* TrainingContainerView.swift */; };
		A4613635CB4EA715496C09F1 /* PhaseIntroView.swift in Sources */ = {isa = PBXBuildFile; fileRef = C71B417CDB55EF66BD82C8F2 /* PhaseIntroView.swift */; };
		A8E81482969D7965FE713A4F /* MedATFigurenApp.swift in Sources */ = {isa = PBXBuildFile; fileRef = 331C0F46628638407EF5E4D4 /* MedATFigurenApp.swift */; };
		ABCDBDA1F67C0765E2026501 /* DifficultyLevel.swift in Sources */ = {isa = PBXBuildFile; fileRef = BB946C23CA2F323FD3F79933 /* DifficultyLevel.swift */; };
		ABD6F9F4ECC67DC3CF9D1D35 /* DashboardView.swift in Sources */ = {isa = PBXBuildFile; fileRef = 9D2DC6C50978F8D2C302D33D /* DashboardView.swift */; };
		AEDDFF53B4662D7B108D0002 /* ProgressChartView.swift in Sources */ = {isa = PBXBuildFile; fileRef = AB614821F530F7677721784D /* ProgressChartView.swift */; };
		B38BDF312AC347866A590E79 /* XCTest.framework in Frameworks */ = {isa = PBXBuildFile; fileRef = 4E263BE03F1AECC23DBE36E4 /* XCTest.framework */; };
		BA1E8A5E727748F598AF7D6F /* PhaseProgressionManagerTests.swift in Sources */ = {isa = PBXBuildFile; fileRef = 163EB3EB40EBE1F84C86453E /* PhaseProgressionManagerTests.swift */; };
		BFB8BA793E5288D68318E83B /* Puzzle.swift in Sources */ = {isa = PBXBuildFile; fileRef = 07AB2DCFADBBF493F7945D33 /* Puzzle.swift */; };
		C48CE609EF07C6097F8D2D80 /* PhaseIndicatorView.swift in Sources */ = {isa = PBXBuildFile; fileRef = EB623140711F57285305D2AD /* PhaseIndicatorView.swift */; };
		CB7A300AAB18B628F236180E /* TimerBarView.swift in Sources */ = {isa = PBXBuildFile; fileRef = 3BA23EE6DFD11186AED44EE6 /* TimerBarView.swift */; };
		E351419AB956EF96F658AE0B /* SettingsView.swift in Sources */ = {isa = PBXBuildFile; fileRef = B6F1E6EEEC6D889B6DD3C680 /* SettingsView.swift */; };
		EEF352BBD5E115A5FA61B862 /* LearningPhase.swift in Sources */ = {isa = PBXBuildFile; fileRef = 83B8B17DFAEF888BE2B6B8B2 /* LearningPhase.swift */; };
		F1D7A55AA47F26414E0071FC /* Foundation.framework in Frameworks */ = {isa = PBXBuildFile; fileRef = EF5F270F3A8C54D9C36D1966 /* Foundation.framework */; };
		F286332DFE2D1188FF970FB3 /* Foundation.framework in Frameworks */ = {isa = PBXBuildFile; fileRef = EF5F270F3A8C54D9C36D1966 /* Foundation.framework */; };
		F45CA4932B8FD48347AC4F88 /* PersistenceManager.swift in Sources */ = {isa = PBXBuildFile; fileRef = B626BEC0C54BD612BDA3A1DE /* PersistenceManager.swift */; };
		F9D60053AA2C68FF7CB4D619 /* PuzzleViewModel.swift in Sources */ = {isa = PBXBuildFile; fileRef = 0CD8855388AFCA9F79A51144 /* PuzzleViewModel.swift */; };
		FD184E96456A23C4E92938D3 /* UserCognitiveModel.swift in Sources */ = {isa = PBXBuildFile; fileRef = 548192D65E587E8139E70CB9 /* UserCognitiveModel.swift */; };
		FE89690E86BF0517104AD288 /* PuzzleResult.swift in Sources */ = {isa = PBXBuildFile; fileRef = 3A7FE6EE96BC30EEC6AA6E1A /* PuzzleResult.swift */; };
/* End PBXBuildFile section */

/* Begin PBXContainerItemProxy section */
		D197525A443407D9C149F9C1 /* PBXContainerItemProxy */ = {
			isa = PBXContainerItemProxy;
			containerPortal = A9D0B61CE0B507D838B8EF7B /* Project object */;
			proxyType = 1;
			remoteGlobalIDString = 528FE26F4E103350DBB93FFE;
			remoteInfo = MedATFiguren;
		};
/* End PBXContainerItemProxy section */

/* Begin PBXFileReference section */
		07AB2DCFADBBF493F7945D33 /* Puzzle.swift */ = {isa = PBXFileReference; includeInIndex = 1; lastKnownFileType = sourcecode.swift; name = Puzzle.swift; path = Sources/MedATFiguren/Models/Puzzle.swift; sourceTree = "<group>"; };
		086DDA54BB94E1431FD0E1EF /* DraggablePieceView.swift */ = {isa = PBXFileReference; includeInIndex = 1; lastKnownFileType = sourcecode.swift; name = DraggablePieceView.swift; path = Sources/MedATFiguren/Views/Training/Phase1_2/DraggablePieceView.swift; sourceTree = "<group>"; };
		0CD8855388AFCA9F79A51144 /* PuzzleViewModel.swift */ = {isa = PBXFileReference; includeInIndex = 1; lastKnownFileType = sourcecode.swift; name = PuzzleViewModel.swift; path = Sources/MedATFiguren/ViewModels/PuzzleViewModel.swift; sourceTree = "<group>"; };
		0EACE3960734DCB135FF7A7E /* CognitiveModelEngineTests.swift */ = {isa = PBXFileReference; includeInIndex = 1; lastKnownFileType = sourcecode.swift; name = CognitiveModelEngineTests.swift; path = Tests/MedATFigurenTests/CognitiveModelEngineTests.swift; sourceTree = "<group>"; };
		163EB3EB40EBE1F84C86453E /* PhaseProgressionManagerTests.swift */ = {isa = PBXFileReference; includeInIndex = 1; lastKnownFileType = sourcecode.swift; name = PhaseProgressionManagerTests.swift; path = Tests/MedATFigurenTests/PhaseProgressionManagerTests.swift; sourceTree = "<group>"; };
		173A48A1797A5B6D7C2293CE /* DashboardViewModel.swift */ = {isa = PBXFileReference; includeInIndex = 1; lastKnownFileType = sourcecode.swift; name = DashboardViewModel.swift; path = Sources/MedATFiguren/ViewModels/DashboardViewModel.swift; sourceTree = "<group>"; };
		1CE7D6D6D86D23F20B035503 /* ShapeLibrary.swift */ = {isa = PBXFileReference; includeInIndex = 1; lastKnownFileType = sourcecode.swift; name = ShapeLibrary.swift; path = Sources/MedATFiguren/Services/ShapeLibrary.swift; sourceTree = "<group>"; };
		1E8D4863D6930CF337212F34 /* ShapePathView.swift */ = {isa = PBXFileReference; includeInIndex = 1; lastKnownFileType = sourcecode.swift; name = ShapePathView.swift; path = Sources/MedATFiguren/Views/Components/ShapePathView.swift; sourceTree = "<group>"; };
		257B070486D99192630F61CE /* AssemblyCanvasView.swift */ = {isa = PBXFileReference; includeInIndex = 1; lastKnownFileType = sourcecode.swift; name = AssemblyCanvasView.swift; path = Sources/MedATFiguren/Views/Training/Phase1_2/AssemblyCanvasView.swift; sourceTree = "<group>"; };
		331C0F46628638407EF5E4D4 /* MedATFigurenApp.swift */ = {isa = PBXFileReference; includeInIndex = 1; lastKnownFileType = sourcecode.swift; name = MedATFigurenApp.swift; path = Sources/MedATFiguren/App/MedATFigurenApp.swift; sourceTree = "<group>"; };
		3800BE90FB020D9479FAD189 /* AdaptiveDifficultyEngineTests.swift */ = {isa = PBXFileReference; includeInIndex = 1; lastKnownFileType = sourcecode.swift; name = AdaptiveDifficultyEngineTests.swift; path = Tests/MedATFigurenTests/AdaptiveDifficultyEngineTests.swift; sourceTree = "<group>"; };
		3A7FE6EE96BC30EEC6AA6E1A /* PuzzleResult.swift */ = {isa = PBXFileReference; includeInIndex = 1; lastKnownFileType = sourcecode.swift; name = PuzzleResult.swift; path = Sources/MedATFiguren/Models/PuzzleResult.swift; sourceTree = "<group>"; };
		3BA23EE6DFD11186AED44EE6 /* TimerBarView.swift */ = {isa = PBXFileReference; includeInIndex = 1; lastKnownFileType = sourcecode.swift; name = TimerBarView.swift; path = Sources/MedATFiguren/Views/Components/TimerBarView.swift; sourceTree = "<group>"; };
		3D8410749848680B03D490A7 /* AdaptiveDifficultyEngine.swift */ = {isa = PBXFileReference; includeInIndex = 1; lastKnownFileType = sourcecode.swift; name = AdaptiveDifficultyEngine.swift; path = Sources/MedATFiguren/Services/AdaptiveDifficultyEngine.swift; sourceTree = "<group>"; };
		4E263BE03F1AECC23DBE36E4 /* XCTest.framework */ = {isa = PBXFileReference; lastKnownFileType = wrapper.framework; name = XCTest.framework; path = Platforms/iPhoneOS.platform/Developer/Library/Frameworks/XCTest.framework; sourceTree = DEVELOPER_DIR; };
		548192D65E587E8139E70CB9 /* UserCognitiveModel.swift */ = {isa = PBXFileReference; includeInIndex = 1; lastKnownFileType = sourcecode.swift; name = UserCognitiveModel.swift; path = Sources/MedATFiguren/Models/UserCognitiveModel.swift; sourceTree = "<group>"; };
		5E618212FF2E99F74640C7B1 /* PuzzleGeneratorTests.swift */ = {isa = PBXFileReference; includeInIndex = 1; lastKnownFileType = sourcecode.swift; name = PuzzleGeneratorTests.swift; path = Tests/MedATFigurenTests/PuzzleGeneratorTests.swift; sourceTree = "<group>"; };
		68590D8FFA3A752C23C596BC /* PuzzleGenerator.swift */ = {isa = PBXFileReference; includeInIndex = 1; lastKnownFileType = sourcecode.swift; name = PuzzleGenerator.swift; path = Sources/MedATFiguren/Services/PuzzleGenerator.swift; sourceTree = "<group>"; };
		71AA575D61A557404585175E /* MedATFigurenTests.xctest */ = {isa = PBXFileReference; explicitFileType = wrapper.cfbundle; includeInIndex = 0; path = MedATFigurenTests.xctest; sourceTree = BUILT_PRODUCTS_DIR; };
		725152EEC7C77C23457CCC37 /* MainTabView.swift */ = {isa = PBXFileReference; includeInIndex = 1; lastKnownFileType = sourcecode.swift; name = MainTabView.swift; path = Sources/MedATFiguren/Views/Root/MainTabView.swift; sourceTree = "<group>"; };
		7278BF15D2E02A2B90DDE228 /* MultipleChoiceView.swift */ = {isa = PBXFileReference; includeInIndex = 1; lastKnownFileType = sourcecode.swift; name = MultipleChoiceView.swift; path = Sources/MedATFiguren/Views/Training/Phase4_5/MultipleChoiceView.swift; sourceTree = "<group>"; };
		73A929265EA71A79F3280118 /* MedATFiguren.app */ = {isa = PBXFileReference; explicitFileType = wrapper.application; includeInIndex = 0; path = MedATFiguren.app; sourceTree = BUILT_PRODUCTS_DIR; };
		74D6E6A6A45F6402B9AF35F8 /* NormalizedPoint.swift */ = {isa = PBXFileReference; includeInIndex = 1; lastKnownFileType = sourcecode.swift; name = NormalizedPoint.swift; path = Sources/MedATFiguren/Models/NormalizedPoint.swift; sourceTree = "<group>"; };
		7EAFAA9AC3A16292507A1729 /* PredictionStepView.swift */ = {isa = PBXFileReference; includeInIndex = 1; lastKnownFileType = sourcecode.swift; name = PredictionStepView.swift; path = Sources/MedATFiguren/Views/Training/Phase3/PredictionStepView.swift; sourceTree = "<group>"; };
		822ECB20686CE0992DC742A3 /* PhaseProgressionManager.swift */ = {isa = PBXFileReference; includeInIndex = 1; lastKnownFileType = sourcecode.swift; name = PhaseProgressionManager.swift; path = Sources/MedATFiguren/Services/PhaseProgressionManager.swift; sourceTree = "<group>"; };
		83B8B17DFAEF888BE2B6B8B2 /* LearningPhase.swift */ = {isa = PBXFileReference; includeInIndex = 1; lastKnownFileType = sourcecode.swift; name = LearningPhase.swift; path = Sources/MedATFiguren/Models/LearningPhase.swift; sourceTree = "<group>"; };
		9704EC474156D1ACD75E915D /* CognitiveModelEngine.swift */ = {isa = PBXFileReference; includeInIndex = 1; lastKnownFileType = sourcecode.swift; name = CognitiveModelEngine.swift; path = Sources/MedATFiguren/Services/CognitiveModelEngine.swift; sourceTree = "<group>"; };
		9D2DC6C50978F8D2C302D33D /* DashboardView.swift */ = {isa = PBXFileReference; includeInIndex = 1; lastKnownFileType = sourcecode.swift; name = DashboardView.swift; path = Sources/MedATFiguren/Views/Dashboard/DashboardView.swift; sourceTree = "<group>"; };
		9D57004B4F959309E85138A8 /* UserProgress.swift */ = {isa = PBXFileReference; includeInIndex = 1; lastKnownFileType = sourcecode.swift; name = UserProgress.swift; path = Sources/MedATFiguren/Models/UserProgress.swift; sourceTree = "<group>"; };
		AB614821F530F7677721784D /* ProgressChartView.swift */ = {isa = PBXFileReference; includeInIndex = 1; lastKnownFileType = sourcecode.swift; name = ProgressChartView.swift; path = Sources/MedATFiguren/Views/Dashboard/ProgressChartView.swift; sourceTree = "<group>"; };
		B626BEC0C54BD612BDA3A1DE /* PersistenceManager.swift */ = {isa = PBXFileReference; includeInIndex = 1; lastKnownFileType = sourcecode.swift; name = PersistenceManager.swift; path = Sources/MedATFiguren/Services/PersistenceManager.swift; sourceTree = "<group>"; };
		B6F1E6EEEC6D889B6DD3C680 /* SettingsView.swift */ = {isa = PBXFileReference; includeInIndex = 1; lastKnownFileType = sourcecode.swift; name = SettingsView.swift; path = Sources/MedATFiguren/Views/Root/SettingsView.swift; sourceTree = "<group>"; };
		BB946C23CA2F323FD3F79933 /* DifficultyLevel.swift */ = {isa = PBXFileReference; includeInIndex = 1; lastKnownFileType = sourcecode.swift; name = DifficultyLevel.swift; path = Sources/MedATFiguren/Models/DifficultyLevel.swift; sourceTree = "<group>"; };
		BBCE4216AEE4337C819C5C43 /* PhaseTransitionView.swift */ = {isa = PBXFileReference; includeInIndex = 1; lastKnownFileType = sourcecode.swift; name = PhaseTransitionView.swift; path = Sources/MedATFiguren/Views/Phase/PhaseTransitionView.swift; sourceTree = "<group>"; };
		C71B417CDB55EF66BD82C8F2 /* PhaseIntroView.swift */ = {isa = PBXFileReference; includeInIndex = 1; lastKnownFileType = sourcecode.swift; name = PhaseIntroView.swift; path = Sources/MedATFiguren/Views/Phase/PhaseIntroView.swift; sourceTree = "<group>"; };
		DCFC355BDCD028D6D073F67C /* PuzzleFeedbackView.swift */ = {isa = PBXFileReference; includeInIndex = 1; lastKnownFileType = sourcecode.swift; name = PuzzleFeedbackView.swift; path = Sources/MedATFiguren/Views/Training/Shared/PuzzleFeedbackView.swift; sourceTree = "<group>"; };
		EB623140711F57285305D2AD /* PhaseIndicatorView.swift */ = {isa = PBXFileReference; includeInIndex = 1; lastKnownFileType = sourcecode.swift; name = PhaseIndicatorView.swift; path = Sources/MedATFiguren/Views/Components/PhaseIndicatorView.swift; sourceTree = "<group>"; };
		EE343BDFB8DE1827D8C622F2 /* AppEnvironment.swift */ = {isa = PBXFileReference; includeInIndex = 1; lastKnownFileType = sourcecode.swift; name = AppEnvironment.swift; path = Sources/MedATFiguren/App/AppEnvironment.swift; sourceTree = "<group>"; };
		EF5F270F3A8C54D9C36D1966 /* Foundation.framework */ = {isa = PBXFileReference; lastKnownFileType = wrapper.framework; name = Foundation.framework; path = Platforms/iPhoneOS.platform/Developer/SDKs/iPhoneOS18.0.sdk/System/Library/Frameworks/Foundation.framework; sourceTree = DEVELOPER_DIR; };
		F1156E7EF8DD03400C80CA57 /* RootView.swift */ = {isa = PBXFileReference; includeInIndex = 1; lastKnownFileType = sourcecode.swift; name = RootView.swift; path = Sources/MedATFiguren/Views/Root/RootView.swift; sourceTree = "<group>"; };
		F99C480692087FC38FE0A2DF /* TrainingContainerView.swift */ = {isa = PBXFileReference; includeInIndex = 1; lastKnownFileType = sourcecode.swift; name = TrainingContainerView.swift; path = Sources/MedATFiguren/Views/Training/TrainingContainerView.swift; sourceTree = "<group>"; };
/* End PBXFileReference section */

/* Begin PBXFrameworksBuildPhase section */
		591CF115AE0C2A04AA100F2F /* Frameworks */ = {
			isa = PBXFrameworksBuildPhase;
			buildActionMask = 2147483647;
			files = (
				F286332DFE2D1188FF970FB3 /* Foundation.framework in Frameworks */,
			);
			runOnlyForDeploymentPostprocessing = 0;
		};
		81E755B78F7C682F0AAD94A8 /* Frameworks */ = {
			isa = PBXFrameworksBuildPhase;
			buildActionMask = 2147483647;
			files = (
				F1D7A55AA47F26414E0071FC /* Foundation.framework in Frameworks */,
				B38BDF312AC347866A590E79 /* XCTest.framework in Frameworks */,
			);
			runOnlyForDeploymentPostprocessing = 0;
		};
/* End PBXFrameworksBuildPhase section */

/* Begin PBXGroup section */
		000061696E0524F3855764E3 /* Shared */ = {
			isa = PBXGroup;
			children = (
				DCFC355BDCD028D6D073F67C /* PuzzleFeedbackView.swift */,
			);
			name = Shared;
			sourceTree = "<group>";
		};
		0EDC62DFC4F9CEF9A1CDD41C /* MedATFiguren */ = {
			isa = PBXGroup;
			children = (
				6CA3287EB839DC561E593A25 /* App */,
				3BF614C81E1456ECD1AF5325 /* Models */,
				E756F3BA8B6C330F0A6F8653 /* Services */,
				D3E4CC6FB8BDBC99356F591C /* ViewModels */,
				33DBC11008560A9A8DBD25C1 /* Views */,
			);
			name = MedATFiguren;
			sourceTree = "<group>";
		};
		1C7DAFBADF298F65CAE7D9B4 /* Phase3 */ = {
			isa = PBXGroup;
			children = (
				7EAFAA9AC3A16292507A1729 /* PredictionStepView.swift */,
			);
			name = Phase3;
			sourceTree = "<group>";
		};
		2C0E1FEE9A87DB472AEAB7BF /* Phase */ = {
			isa = PBXGroup;
			children = (
				C71B417CDB55EF66BD82C8F2 /* PhaseIntroView.swift */,
				BBCE4216AEE4337C819C5C43 /* PhaseTransitionView.swift */,
			);
			name = Phase;
			sourceTree = "<group>";
		};
		2E6C39ACA649BECC23AF4CC6 /* iOS */ = {
			isa = PBXGroup;
			children = (
				EF5F270F3A8C54D9C36D1966 /* Foundation.framework */,
			);
			name = iOS;
			sourceTree = "<group>";
		};
		2F4369F2EB87189D13F0DEE0 /* Sources */ = {
			isa = PBXGroup;
			children = (
				0EDC62DFC4F9CEF9A1CDD41C /* MedATFiguren */,
			);
			name = Sources;
			sourceTree = "<group>";
		};
		33DBC11008560A9A8DBD25C1 /* Views */ = {
			isa = PBXGroup;
			children = (
				69F5C795CCD2FA63E4E8E4EE /* Components */,
				8C16BE01F11717D33FADE595 /* Dashboard */,
				2C0E1FEE9A87DB472AEAB7BF /* Phase */,
				7B8A44FF62D6407303869E5C /* Root */,
				67E5B2F96A6D6956D1E2214E /* Training */,
			);
			name = Views;
			sourceTree = "<group>";
		};
		3BF614C81E1456ECD1AF5325 /* Models */ = {
			isa = PBXGroup;
			children = (
				BB946C23CA2F323FD3F79933 /* DifficultyLevel.swift */,
				83B8B17DFAEF888BE2B6B8B2 /* LearningPhase.swift */,
				74D6E6A6A45F6402B9AF35F8 /* NormalizedPoint.swift */,
				07AB2DCFADBBF493F7945D33 /* Puzzle.swift */,
				3A7FE6EE96BC30EEC6AA6E1A /* PuzzleResult.swift */,
				548192D65E587E8139E70CB9 /* UserCognitiveModel.swift */,
				9D57004B4F959309E85138A8 /* UserProgress.swift */,
			);
			name = Models;
			sourceTree = "<group>";
		};
		467C7EF8007152C975EFEA91 /* Phase4_5 */ = {
			isa = PBXGroup;
			children = (
				7278BF15D2E02A2B90DDE228 /* MultipleChoiceView.swift */,
			);
			name = Phase4_5;
			sourceTree = "<group>";
		};
		51493EA582B8B57375D633B1 = {
			isa = PBXGroup;
			children = (
				FBCD78CCC62971C9B4AB02C3 /* Products */,
				FD635ABE48D77A3276C4AB1B /* Frameworks */,
				2F4369F2EB87189D13F0DEE0 /* Sources */,
				A850953D98A34AAAC1C98A52 /* Tests */,
			);
			sourceTree = "<group>";
		};
		549F004D0BD9A034DC0A5AAE /* Phase1_2 */ = {
			isa = PBXGroup;
			children = (
				257B070486D99192630F61CE /* AssemblyCanvasView.swift */,
				086DDA54BB94E1431FD0E1EF /* DraggablePieceView.swift */,
			);
			name = Phase1_2;
			sourceTree = "<group>";
		};
		631DBB3BF4ECBF6366CA10D2 /* MedATFigurenTests */ = {
			isa = PBXGroup;
			children = (
				3800BE90FB020D9479FAD189 /* AdaptiveDifficultyEngineTests.swift */,
				0EACE3960734DCB135FF7A7E /* CognitiveModelEngineTests.swift */,
				163EB3EB40EBE1F84C86453E /* PhaseProgressionManagerTests.swift */,
				5E618212FF2E99F74640C7B1 /* PuzzleGeneratorTests.swift */,
			);
			name = MedATFigurenTests;
			sourceTree = "<group>";
		};
		67E5B2F96A6D6956D1E2214E /* Training */ = {
			isa = PBXGroup;
			children = (
				549F004D0BD9A034DC0A5AAE /* Phase1_2 */,
				1C7DAFBADF298F65CAE7D9B4 /* Phase3 */,
				467C7EF8007152C975EFEA91 /* Phase4_5 */,
				000061696E0524F3855764E3 /* Shared */,
				F99C480692087FC38FE0A2DF /* TrainingContainerView.swift */,
			);
			name = Training;
			sourceTree = "<group>";
		};
		69F5C795CCD2FA63E4E8E4EE /* Components */ = {
			isa = PBXGroup;
			children = (
				EB623140711F57285305D2AD /* PhaseIndicatorView.swift */,
				1E8D4863D6930CF337212F34 /* ShapePathView.swift */,
				3BA23EE6DFD11186AED44EE6 /* TimerBarView.swift */,
			);
			name = Components;
			sourceTree = "<group>";
		};
		6CA3287EB839DC561E593A25 /* App */ = {
			isa = PBXGroup;
			children = (
				EE343BDFB8DE1827D8C622F2 /* AppEnvironment.swift */,
				331C0F46628638407EF5E4D4 /* MedATFigurenApp.swift */,
			);
			name = App;
			sourceTree = "<group>";
		};
		7B8A44FF62D6407303869E5C /* Root */ = {
			isa = PBXGroup;
			children = (
				725152EEC7C77C23457CCC37 /* MainTabView.swift */,
				F1156E7EF8DD03400C80CA57 /* RootView.swift */,
				B6F1E6EEEC6D889B6DD3C680 /* SettingsView.swift */,
			);
			name = Root;
			sourceTree = "<group>";
		};
		8C16BE01F11717D33FADE595 /* Dashboard */ = {
			isa = PBXGroup;
			children = (
				9D2DC6C50978F8D2C302D33D /* DashboardView.swift */,
				AB614821F530F7677721784D /* ProgressChartView.swift */,
			);
			name = Dashboard;
			sourceTree = "<group>";
		};
		A850953D98A34AAAC1C98A52 /* Tests */ = {
			isa = PBXGroup;
			children = (
				631DBB3BF4ECBF6366CA10D2 /* MedATFigurenTests */,
			);
			name = Tests;
			sourceTree = "<group>";
		};
		D3E4CC6FB8BDBC99356F591C /* ViewModels */ = {
			isa = PBXGroup;
			children = (
				173A48A1797A5B6D7C2293CE /* DashboardViewModel.swift */,
				0CD8855388AFCA9F79A51144 /* PuzzleViewModel.swift */,
			);
			name = ViewModels;
			sourceTree = "<group>";
		};
		E756F3BA8B6C330F0A6F8653 /* Services */ = {
			isa = PBXGroup;
			children = (
				3D8410749848680B03D490A7 /* AdaptiveDifficultyEngine.swift */,
				9704EC474156D1ACD75E915D /* CognitiveModelEngine.swift */,
				B626BEC0C54BD612BDA3A1DE /* PersistenceManager.swift */,
				822ECB20686CE0992DC742A3 /* PhaseProgressionManager.swift */,
				68590D8FFA3A752C23C596BC /* PuzzleGenerator.swift */,
				1CE7D6D6D86D23F20B035503 /* ShapeLibrary.swift */,
			);
			name = Services;
			sourceTree = "<group>";
		};
		FBCD78CCC62971C9B4AB02C3 /* Products */ = {
			isa = PBXGroup;
			children = (
				73A929265EA71A79F3280118 /* MedATFiguren.app */,
				71AA575D61A557404585175E /* MedATFigurenTests.xctest */,
			);
			name = Products;
			sourceTree = "<group>";
		};
		FD635ABE48D77A3276C4AB1B /* Frameworks */ = {
			isa = PBXGroup;
			children = (
				2E6C39ACA649BECC23AF4CC6 /* iOS */,
				4E263BE03F1AECC23DBE36E4 /* XCTest.framework */,
			);
			name = Frameworks;
			sourceTree = "<group>";
		};
/* End PBXGroup section */

/* Begin PBXNativeTarget section */
		528FE26F4E103350DBB93FFE /* MedATFiguren */ = {
			isa = PBXNativeTarget;
			buildConfigurationList = 94D9449DFD511B1ED1933EA6 /* Build configuration list for PBXNativeTarget "MedATFiguren" */;
			buildPhases = (
				63FF5D016CC25201606B356A /* Sources */,
				591CF115AE0C2A04AA100F2F /* Frameworks */,
				AB5146C77163BFD775A74E66 /* Resources */,
			);
			buildRules = (
			);
			dependencies = (
			);
			name = MedATFiguren;
			productName = MedATFiguren;
			productReference = 73A929265EA71A79F3280118 /* MedATFiguren.app */;
			productType = "com.apple.product-type.application";
		};
		E45E6A4302AFF924BBC5A330 /* MedATFigurenTests */ = {
			isa = PBXNativeTarget;
			buildConfigurationList = 50F0C37953202CC7C8B1EE2C /* Build configuration list for PBXNativeTarget "MedATFigurenTests" */;
			buildPhases = (
				3EF5E292E2E1DDB7CEBD323B /* Sources */,
				81E755B78F7C682F0AAD94A8 /* Frameworks */,
				0B76B988B8CB1D01BFF65944 /* Resources */,
			);
			buildRules = (
			);
			dependencies = (
				721BFC3BF5FDB52745C0B3A3 /* PBXTargetDependency */,
			);
			name = MedATFigurenTests;
			productName = MedATFigurenTests;
			productReference = 71AA575D61A557404585175E /* MedATFigurenTests.xctest */;
			productType = "com.apple.product-type.bundle.unit-test";
		};
/* End PBXNativeTarget section */

/* Begin PBXProject section */
		A9D0B61CE0B507D838B8EF7B /* Project object */ = {
			isa = PBXProject;
			attributes = {
				LastSwiftUpdateCheck = 1600;
				LastUpgradeCheck = 1600;
			};
			buildConfigurationList = 228DE1D3586DB4BBD31A2D09 /* Build configuration list for PBXProject "MedATFiguren" */;
			compatibilityVersion = "Xcode 3.2";
			developmentRegion = en;
			hasScannedForEncodings = 0;
			knownRegions = (
				en,
				Base,
			);
			mainGroup = 51493EA582B8B57375D633B1;
			minimizedProjectReferenceProxies = 0;
			preferredProjectObjectVersion = 77;
			productRefGroup = FBCD78CCC62971C9B4AB02C3 /* Products */;
			projectDirPath = "";
			projectRoot = "";
			targets = (
				528FE26F4E103350DBB93FFE /* MedATFiguren */,
				E45E6A4302AFF924BBC5A330 /* MedATFigurenTests */,
			);
		};
/* End PBXProject section */

/* Begin PBXResourcesBuildPhase section */
		0B76B988B8CB1D01BFF65944 /* Resources */ = {
			isa = PBXResourcesBuildPhase;
			buildActionMask = 2147483647;
			files = (
			);
			runOnlyForDeploymentPostprocessing = 0;
		};
		AB5146C77163BFD775A74E66 /* Resources */ = {
			isa = PBXResourcesBuildPhase;
			buildActionMask = 2147483647;
			files = (
			);
			runOnlyForDeploymentPostprocessing = 0;
		};
/* End PBXResourcesBuildPhase section */

/* Begin PBXSourcesBuildPhase section */
		3EF5E292E2E1DDB7CEBD323B /* Sources */ = {
			isa = PBXSourcesBuildPhase;
			buildActionMask = 2147483647;
			files = (
				12AA02A37BA385C6AE626CC5 /* AdaptiveDifficultyEngineTests.swift in Sources */,
				726FE31E3BDEF033A5A7612E /* CognitiveModelEngineTests.swift in Sources */,
				BA1E8A5E727748F598AF7D6F /* PhaseProgressionManagerTests.swift in Sources */,
				659994DAA24F990EF9081CB1 /* PuzzleGeneratorTests.swift in Sources */,
			);
			runOnlyForDeploymentPostprocessing = 0;
		};
		63FF5D016CC25201606B356A /* Sources */ = {
			isa = PBXSourcesBuildPhase;
			buildActionMask = 2147483647;
			files = (
				7B51FE65895B6445A15A23B3 /* AppEnvironment.swift in Sources */,
				A8E81482969D7965FE713A4F /* MedATFigurenApp.swift in Sources */,
				ABCDBDA1F67C0765E2026501 /* DifficultyLevel.swift in Sources */,
				EEF352BBD5E115A5FA61B862 /* LearningPhase.swift in Sources */,
				4897331F6AFEC7A97AC08B46 /* NormalizedPoint.swift in Sources */,
				BFB8BA793E5288D68318E83B /* Puzzle.swift in Sources */,
				FE89690E86BF0517104AD288 /* PuzzleResult.swift in Sources */,
				FD184E96456A23C4E92938D3 /* UserCognitiveModel.swift in Sources */,
				1CAECE2BAC4997AFE6179240 /* UserProgress.swift in Sources */,
				434A34F02D68B6659BF20DF0 /* AdaptiveDifficultyEngine.swift in Sources */,
				960D02C215C577C1201262EA /* CognitiveModelEngine.swift in Sources */,
				F45CA4932B8FD48347AC4F88 /* PersistenceManager.swift in Sources */,
				53AFDF52FEA63E74FB1220B9 /* PhaseProgressionManager.swift in Sources */,
				3F58FAC6591DD9658EE3505A /* PuzzleGenerator.swift in Sources */,
				9DC51450F18B1F1092367695 /* ShapeLibrary.swift in Sources */,
				17A18A7607668A4DB02E3337 /* DashboardViewModel.swift in Sources */,
				F9D60053AA2C68FF7CB4D619 /* PuzzleViewModel.swift in Sources */,
				C48CE609EF07C6097F8D2D80 /* PhaseIndicatorView.swift in Sources */,
				80CF9C91344B0CE9C7A8AECE /* ShapePathView.swift in Sources */,
				CB7A300AAB18B628F236180E /* TimerBarView.swift in Sources */,
				ABD6F9F4ECC67DC3CF9D1D35 /* DashboardView.swift in Sources */,
				AEDDFF53B4662D7B108D0002 /* ProgressChartView.swift in Sources */,
				A4613635CB4EA715496C09F1 /* PhaseIntroView.swift in Sources */,
				8E3C3EDF23099F8494B0A75C /* PhaseTransitionView.swift in Sources */,
				679C69D47F554C97B766423A /* MainTabView.swift in Sources */,
				743517F1D37753A72D7ABBF8 /* RootView.swift in Sources */,
				E351419AB956EF96F658AE0B /* SettingsView.swift in Sources */,
				9C338C339302B22BFD88DC17 /* AssemblyCanvasView.swift in Sources */,
				7F0868CCA1B63ACC85FEC023 /* DraggablePieceView.swift in Sources */,
				2AF0B8392C5196402E870468 /* PredictionStepView.swift in Sources */,
				79AFABCDF158E15AE901A25A /* MultipleChoiceView.swift in Sources */,
				886FDD30AF94FFC0EC4BC69E /* PuzzleFeedbackView.swift in Sources */,
				A246E4E7C3D2C2B1C0BF2E56 /* TrainingContainerView.swift in Sources */,
			);
			runOnlyForDeploymentPostprocessing = 0;
		};
/* End PBXSourcesBuildPhase section */

/* Begin PBXTargetDependency section */
		721BFC3BF5FDB52745C0B3A3 /* PBXTargetDependency */ = {
			isa = PBXTargetDependency;
			name = MedATFiguren;
			target = 528FE26F4E103350DBB93FFE /* MedATFiguren */;
			targetProxy = D197525A443407D9C149F9C1 /* PBXContainerItemProxy */;
		};
/* End PBXTargetDependency section */

/* Begin XCBuildConfiguration section */
		7A0A7D8D5559BAF5A5769779 /* Release */ = {
			isa = XCBuildConfiguration;
			buildSettings = {
				ASSETCATALOG_COMPILER_APPICON_NAME = AppIcon;
				ASSETCATALOG_COMPILER_GLOBAL_ACCENT_COLOR_NAME = AccentColor;
				CLANG_ENABLE_OBJC_WEAK = NO;
				CODE_SIGN_STYLE = Automatic;
				CURRENT_PROJECT_VERSION = 1;
				GENERATE_INFOPLIST_FILE = YES;
				INFOPLIST_KEY_CFBundleDisplayName = "MedAT Figuren";
				INFOPLIST_KEY_UIApplicationSceneManifest_Generation = YES;
				INFOPLIST_KEY_UIApplicationSupportsIndirectInputEvents = YES;
				INFOPLIST_KEY_UILaunchScreen_Generation = YES;
				INFOPLIST_KEY_UISupportedInterfaceOrientations_iPad = "UIInterfaceOrientationPortrait UIInterfaceOrientationPortraitUpsideDown UIInterfaceOrientationLandscapeLeft UIInterfaceOrientationLandscapeRight";
				INFOPLIST_KEY_UISupportedInterfaceOrientations_iPhone = UIInterfaceOrientationPortrait;
				IPHONEOS_DEPLOYMENT_TARGET = 17.0;
				LD_RUNPATH_SEARCH_PATHS = "$(inherited) @executable_path/Frameworks";
				MARKETING_VERSION = 1.0;
				PRODUCT_BUNDLE_IDENTIFIER = com.felixrauch.medatfiguren;
				PRODUCT_NAME = "$(TARGET_NAME)";
				SDKROOT = iphoneos;
				SUPPORTED_PLATFORMS = "iphoneos iphonesimulator";
				SUPPORTS_MACCATALYST = NO;
				SUPPORTS_MAC_DESIGNED_FOR_IPHONE_IPAD = NO;
				SWIFT_VERSION = 5.9;
				TARGETED_DEVICE_FAMILY = "1,2";
				VALIDATE_PRODUCT = YES;
			};
			name = Release;
		};
		A58A44A54982459BE8E24084 /* Debug */ = {
			isa = XCBuildConfiguration;
			buildSettings = {
				BUNDLE_LOADER = "$(TEST_HOST)";
				CLANG_ENABLE_OBJC_WEAK = NO;
				CODE_SIGN_STYLE = Automatic;
				GENERATE_INFOPLIST_FILE = YES;
				IPHONEOS_DEPLOYMENT_TARGET = 17.0;
				LD_RUNPATH_SEARCH_PATHS = "$(inherited) @executable_path/Frameworks @loader_path/Frameworks";
				PRODUCT_BUNDLE_IDENTIFIER = com.felixrauch.medatfigurenTests;
				PRODUCT_NAME = "$(TARGET_NAME)";
				SDKROOT = iphoneos;
				SUPPORTED_PLATFORMS = "iphoneos iphonesimulator";
				SWIFT_VERSION = 5.9;
				TARGETED_DEVICE_FAMILY = "1,2";
				TEST_HOST = "$(BUILT_PRODUCTS_DIR)/MedATFiguren.app/$(BUNDLE_EXECUTABLE_FOLDER_PATH)/MedATFiguren";
			};
			name = Debug;
		};
		DD3FFC05589273E730022B8D /* Debug */ = {
			isa = XCBuildConfiguration;
			buildSettings = {
				ASSETCATALOG_COMPILER_APPICON_NAME = AppIcon;
				ASSETCATALOG_COMPILER_GLOBAL_ACCENT_COLOR_NAME = AccentColor;
				CLANG_ENABLE_OBJC_WEAK = NO;
				CODE_SIGN_STYLE = Automatic;
				CURRENT_PROJECT_VERSION = 1;
				GENERATE_INFOPLIST_FILE = YES;
				INFOPLIST_KEY_CFBundleDisplayName = "MedAT Figuren";
				INFOPLIST_KEY_UIApplicationSceneManifest_Generation = YES;
				INFOPLIST_KEY_UIApplicationSupportsIndirectInputEvents = YES;
				INFOPLIST_KEY_UILaunchScreen_Generation = YES;
				INFOPLIST_KEY_UISupportedInterfaceOrientations_iPad = "UIInterfaceOrientationPortrait UIInterfaceOrientationPortraitUpsideDown UIInterfaceOrientationLandscapeLeft UIInterfaceOrientationLandscapeRight";
				INFOPLIST_KEY_UISupportedInterfaceOrientations_iPhone = UIInterfaceOrientationPortrait;
				IPHONEOS_DEPLOYMENT_TARGET = 17.0;
				LD_RUNPATH_SEARCH_PATHS = "$(inherited) @executable_path/Frameworks";
				MARKETING_VERSION = 1.0;
				PRODUCT_BUNDLE_IDENTIFIER = com.felixrauch.medatfiguren;
				PRODUCT_NAME = "$(TARGET_NAME)";
				SDKROOT = iphoneos;
				SUPPORTED_PLATFORMS = "iphoneos iphonesimulator";
				SUPPORTS_MACCATALYST = NO;
				SUPPORTS_MAC_DESIGNED_FOR_IPHONE_IPAD = NO;
				SWIFT_VERSION = 5.9;
				TARGETED_DEVICE_FAMILY = "1,2";
			};
			name = Debug;
		};
		E5B9B98983336DE52CF7613F /* Release */ = {
			isa = XCBuildConfiguration;
			buildSettings = {
				ALWAYS_SEARCH_USER_PATHS = NO;
				CLANG_ANALYZER_NONNULL = YES;
				CLANG_ANALYZER_NUMBER_OBJECT_CONVERSION = YES_AGGRESSIVE;
				CLANG_CXX_LANGUAGE_STANDARD = "gnu++14";
				CLANG_CXX_LIBRARY = "libc++";
				CLANG_ENABLE_MODULES = YES;
				CLANG_ENABLE_OBJC_ARC = YES;
				CLANG_ENABLE_OBJC_WEAK = YES;
				CLANG_WARN_BLOCK_CAPTURE_AUTORELEASING = YES;
				CLANG_WARN_BOOL_CONVERSION = YES;
				CLANG_WARN_COMMA = YES;
				CLANG_WARN_CONSTANT_CONVERSION = YES;
				CLANG_WARN_DEPRECATED_OBJC_IMPLEMENTATIONS = YES;
				CLANG_WARN_DIRECT_OBJC_ISA_USAGE = YES_ERROR;
				CLANG_WARN_DOCUMENTATION_COMMENTS = YES;
				CLANG_WARN_EMPTY_BODY = YES;
				CLANG_WARN_ENUM_CONVERSION = YES;
				CLANG_WARN_INFINITE_RECURSION = YES;
				CLANG_WARN_INT_CONVERSION = YES;
				CLANG_WARN_NON_LITERAL_NULL_CONVERSION = YES;
				CLANG_WARN_OBJC_IMPLICIT_RETAIN_SELF = YES;
				CLANG_WARN_OBJC_LITERAL_CONVERSION = YES;
				CLANG_WARN_OBJC_ROOT_CLASS = YES_ERROR;
				CLANG_WARN_QUOTED_INCLUDE_IN_FRAMEWORK_HEADER = YES;
				CLANG_WARN_RANGE_LOOP_ANALYSIS = YES;
				CLANG_WARN_STRICT_PROTOTYPES = YES;
				CLANG_WARN_SUSPICIOUS_MOVE = YES;
				CLANG_WARN_UNGUARDED_AVAILABILITY = YES_AGGRESSIVE;
				CLANG_WARN_UNREACHABLE_CODE = YES;
				CLANG_WARN__DUPLICATE_METHOD_MATCH = YES;
				COPY_PHASE_STRIP = NO;
				DEBUG_INFORMATION_FORMAT = "dwarf-with-dsym";
				ENABLE_NS_ASSERTIONS = NO;
				ENABLE_STRICT_OBJC_MSGSEND = YES;
				GCC_C_LANGUAGE_STANDARD = gnu11;
				GCC_NO_COMMON_BLOCKS = YES;
				GCC_WARN_64_TO_32_BIT_CONVERSION = YES;
				GCC_WARN_ABOUT_RETURN_TYPE = YES_ERROR;
				GCC_WARN_UNDECLARED_SELECTOR = YES;
				GCC_WARN_UNINITIALIZED_AUTOS = YES_AGGRESSIVE;
				GCC_WARN_UNUSED_FUNCTION = YES;
				GCC_WARN_UNUSED_VARIABLE = YES;
				IPHONEOS_DEPLOYMENT_TARGET = 17.0;
				MTL_ENABLE_DEBUG_INFO = NO;
				MTL_FAST_MATH = YES;
				PRODUCT_NAME = "$(TARGET_NAME)";
				SDKROOT = iphoneos;
				SUPPORTED_PLATFORMS = "iphoneos iphonesimulator";
				SWIFT_COMPILATION_MODE = wholemodule;
				SWIFT_OPTIMIZATION_LEVEL = "-O";
				SWIFT_VERSION = 5.9;
				TARGETED_DEVICE_FAMILY = "1,2";
			};
			name = Release;
		};
		F7FA05F62C47CCBF9262040D /* Release */ = {
			isa = XCBuildConfiguration;
			buildSettings = {
				BUNDLE_LOADER = "$(TEST_HOST)";
				CLANG_ENABLE_OBJC_WEAK = NO;
				CODE_SIGN_STYLE = Automatic;
				GENERATE_INFOPLIST_FILE = YES;
				IPHONEOS_DEPLOYMENT_TARGET = 17.0;
				LD_RUNPATH_SEARCH_PATHS = "$(inherited) @executable_path/Frameworks @loader_path/Frameworks";
				PRODUCT_BUNDLE_IDENTIFIER = com.felixrauch.medatfigurenTests;
				PRODUCT_NAME = "$(TARGET_NAME)";
				SDKROOT = iphoneos;
				SUPPORTED_PLATFORMS = "iphoneos iphonesimulator";
				SWIFT_VERSION = 5.9;
				TARGETED_DEVICE_FAMILY = "1,2";
				TEST_HOST = "$(BUILT_PRODUCTS_DIR)/MedATFiguren.app/$(BUNDLE_EXECUTABLE_FOLDER_PATH)/MedATFiguren";
				VALIDATE_PRODUCT = YES;
			};
			name = Release;
		};
		F90D109420CE7C0A510243C6 /* Debug */ = {
			isa = XCBuildConfiguration;
			buildSettings = {
				ALWAYS_SEARCH_USER_PATHS = NO;
				CLANG_ANALYZER_NONNULL = YES;
				CLANG_ANALYZER_NUMBER_OBJECT_CONVERSION = YES_AGGRESSIVE;
				CLANG_CXX_LANGUAGE_STANDARD = "gnu++14";
				CLANG_CXX_LIBRARY = "libc++";
				CLANG_ENABLE_MODULES = YES;
				CLANG_ENABLE_OBJC_ARC = YES;
				CLANG_ENABLE_OBJC_WEAK = YES;
				CLANG_WARN_BLOCK_CAPTURE_AUTORELEASING = YES;
				CLANG_WARN_BOOL_CONVERSION = YES;
				CLANG_WARN_COMMA = YES;
				CLANG_WARN_CONSTANT_CONVERSION = YES;
				CLANG_WARN_DEPRECATED_OBJC_IMPLEMENTATIONS = YES;
				CLANG_WARN_DIRECT_OBJC_ISA_USAGE = YES_ERROR;
				CLANG_WARN_DOCUMENTATION_COMMENTS = YES;
				CLANG_WARN_EMPTY_BODY = YES;
				CLANG_WARN_ENUM_CONVERSION = YES;
				CLANG_WARN_INFINITE_RECURSION = YES;
				CLANG_WARN_INT_CONVERSION = YES;
				CLANG_WARN_NON_LITERAL_NULL_CONVERSION = YES;
				CLANG_WARN_OBJC_IMPLICIT_RETAIN_SELF = YES;
				CLANG_WARN_OBJC_LITERAL_CONVERSION = YES;
				CLANG_WARN_OBJC_ROOT_CLASS = YES_ERROR;
				CLANG_WARN_QUOTED_INCLUDE_IN_FRAMEWORK_HEADER = YES;
				CLANG_WARN_RANGE_LOOP_ANALYSIS = YES;
				CLANG_WARN_STRICT_PROTOTYPES = YES;
				CLANG_WARN_SUSPICIOUS_MOVE = YES;
				CLANG_WARN_UNGUARDED_AVAILABILITY = YES_AGGRESSIVE;
				CLANG_WARN_UNREACHABLE_CODE = YES;
				CLANG_WARN__DUPLICATE_METHOD_MATCH = YES;
				COPY_PHASE_STRIP = NO;
				DEBUG_INFORMATION_FORMAT = dwarf;
				ENABLE_STRICT_OBJC_MSGSEND = YES;
				ENABLE_TESTABILITY = YES;
				GCC_C_LANGUAGE_STANDARD = gnu11;
				GCC_DYNAMIC_NO_PIC = NO;
				GCC_NO_COMMON_BLOCKS = YES;
				GCC_OPTIMIZATION_LEVEL = 0;
				GCC_PREPROCESSOR_DEFINITIONS = (
					"DEBUG=1",
					"$(inherited)",
				);
				GCC_WARN_64_TO_32_BIT_CONVERSION = YES;
				GCC_WARN_ABOUT_RETURN_TYPE = YES_ERROR;
				GCC_WARN_UNDECLARED_SELECTOR = YES;
				GCC_WARN_UNINITIALIZED_AUTOS = YES_AGGRESSIVE;
				GCC_WARN_UNUSED_FUNCTION = YES;
				GCC_WARN_UNUSED_VARIABLE = YES;
				IPHONEOS_DEPLOYMENT_TARGET = 17.0;
				MTL_ENABLE_DEBUG_INFO = INCLUDE_SOURCE;
				MTL_FAST_MATH = YES;
				ONLY_ACTIVE_ARCH = YES;
				PRODUCT_NAME = "$(TARGET_NAME)";
				SDKROOT = iphoneos;
				SUPPORTED_PLATFORMS = "iphoneos iphonesimulator";
				SWIFT_ACTIVE_COMPILATION_CONDITIONS = DEBUG;
				SWIFT_OPTIMIZATION_LEVEL = "-Onone";
				SWIFT_VERSION = 5.9;
				TARGETED_DEVICE_FAMILY = "1,2";
			};
			name = Debug;
		};
/* End XCBuildConfiguration section */

/* Begin XCConfigurationList section */
		228DE1D3586DB4BBD31A2D09 /* Build configuration list for PBXProject "MedATFiguren" */ = {
			isa = XCConfigurationList;
			buildConfigurations = (
				F90D109420CE7C0A510243C6 /* Debug */,
				E5B9B98983336DE52CF7613F /* Release */,
			);
			defaultConfigurationIsVisible = 0;
			defaultConfigurationName = Release;
		};
		50F0C37953202CC7C8B1EE2C /* Build configuration list for PBXNativeTarget "MedATFigurenTests" */ = {
			isa = XCConfigurationList;
			buildConfigurations = (
				F7FA05F62C47CCBF9262040D /* Release */,
				A58A44A54982459BE8E24084 /* Debug */,
			);
			defaultConfigurationIsVisible = 0;
			defaultConfigurationName = Release;
		};
		94D9449DFD511B1ED1933EA6 /* Build configuration list for PBXNativeTarget "MedATFiguren" */ = {
			isa = XCConfigurationList;
			buildConfigurations = (
				7A0A7D8D5559BAF5A5769779 /* Release */,
				DD3FFC05589273E730022B8D /* Debug */,
			);
			defaultConfigurationIsVisible = 0;
			defaultConfigurationName = Release;
		};
/* End XCConfigurationList section */
	};
	rootObject = A9D0B61CE0B507D838B8EF7B /* Project object */;
}
